// !$*UTF8*$!
{
	archiveVersion = 1;
	classes = {
	};
	objectVersion = 48;
	objects = {

/* Begin PBXBuildFile section */
		5F325F6B208BA11A006E9C95 /* AVFoundation.framework in Frameworks */ = {isa = PBXBuildFile; fileRef = 5F325F6A208BA11A006E9C95 /* AVFoundation.framework */; };
		5F9CCEF92059C178001EEB47 /* AppDelegate.swift in Sources */ = {isa = PBXBuildFile; fileRef = 5F9CCEF82059C178001EEB47 /* AppDelegate.swift */; };
		5F9CCEFB2059C178001EEB47 /* ViewController.swift in Sources */ = {isa = PBXBuildFile; fileRef = 5F9CCEFA2059C178001EEB47 /* ViewController.swift */; };
		5F9CCEFE2059C178001EEB47 /* Main.storyboard in Resources */ = {isa = PBXBuildFile; fileRef = 5F9CCEFC2059C178001EEB47 /* Main.storyboard */; };
		5F9CCF002059C178001EEB47 /* Assets.xcassets in Resources */ = {isa = PBXBuildFile; fileRef = 5F9CCEFF2059C178001EEB47 /* Assets.xcassets */; };
		5F9CCF032059C178001EEB47 /* LaunchScreen.storyboard in Resources */ = {isa = PBXBuildFile; fileRef = 5F9CCF012059C178001EEB47 /* LaunchScreen.storyboard */; };
		5F9CCF0E2059C178001EEB47 /* MyFirstAppTests.swift in Sources */ = {isa = PBXBuildFile; fileRef = 5F9CCF0D2059C178001EEB47 /* MyFirstAppTests.swift */; };
		5F9CCF192059C178001EEB47 /* MyFirstAppUITests.swift in Sources */ = {isa = PBXBuildFile; fileRef = 5F9CCF182059C178001EEB47 /* MyFirstAppUITests.swift */; };
		5F9CCF272059D33E001EEB47 /* Cat.wav in Resources */ = {isa = PBXBuildFile; fileRef = 5F9CCF262059D33E001EEB47 /* Cat.wav */; };
/* End PBXBuildFile section */

/* Begin PBXContainerItemProxy section */
		5F9CCF0A2059C178001EEB47 /* PBXContainerItemProxy */ = {
			isa = PBXContainerItemProxy;
			containerPortal = 5F9CCEED2059C178001EEB47 /* Project object */;
			proxyType = 1;
			remoteGlobalIDString = 5F9CCEF42059C178001EEB47;
			remoteInfo = MyFirstApp;
		};
		5F9CCF152059C178001EEB47 /* PBXContainerItemProxy */ = {
			isa = PBXContainerItemProxy;
			containerPortal = 5F9CCEED2059C178001EEB47 /* Project object */;
			proxyType = 1;
			remoteGlobalIDString = 5F9CCEF42059C178001EEB47;
			remoteInfo = MyFirstApp;
		};
/* End PBXContainerItemProxy section */

/* Begin PBXFileReference section */
		5F325F6A208BA11A006E9C95 /* AVFoundation.framework */ = {isa = PBXFileReference; lastKnownFileType = wrapper.framework; name = AVFoundation.framework; path = System/Library/Frameworks/AVFoundation.framework; sourceTree = SDKROOT; };
		5F9CCEF52059C178001EEB47 /* MyFirstApp.app */ = {isa = PBXFileReference; explicitFileType = wrapper.application; includeInIndex = 0; path = MyFirstApp.app; sourceTree = BUILT_PRODUCTS_DIR; };
		5F9CCEF82059C178001EEB47 /* AppDelegate.swift */ = {isa = PBXFileReference; lastKnownFileType = sourcecode.swift; path = AppDelegate.swift; sourceTree = "<group>"; };
		5F9CCEFA2059C178001EEB47 /* ViewController.swift */ = {isa = PBXFileReference; lastKnownFileType = sourcecode.swift; path = ViewController.swift; sourceTree = "<group>"; };
		5F9CCEFD2059C178001EEB47 /* Base */ = {isa = PBXFileReference; lastKnownFileType = file.storyboard; name = Base; path = Base.lproj/Main.storyboard; sourceTree = "<group>"; };
		5F9CCEFF2059C178001EEB47 /* Assets.xcassets */ = {isa = PBXFileReference; lastKnownFileType = folder.assetcatalog; path = Assets.xcassets; sourceTree = "<group>"; };
		5F9CCF022059C178001EEB47 /* Base */ = {isa = PBXFileReference; lastKnownFileType = file.storyboard; name = Base; path = Base.lproj/LaunchScreen.storyboard; sourceTree = "<group>"; };
		5F9CCF042059C178001EEB47 /* Info.plist */ = {isa = PBXFileReference; lastKnownFileType = text.plist.xml; path = Info.plist; sourceTree = "<group>"; };
		5F9CCF092059C178001EEB47 /* MyFirstAppTests.xctest */ = {isa = PBXFileReference; explicitFileType = wrapper.cfbundle; includeInIndex = 0; path = MyFirstAppTests.xctest; sourceTree = BUILT_PRODUCTS_DIR; };
		5F9CCF0D2059C178001EEB47 /* MyFirstAppTests.swift */ = {isa = PBXFileReference; lastKnownFileType = sourcecode.swift; path = MyFirstAppTests.swift; sourceTree = "<group>"; };
		5F9CCF0F2059C178001EEB47 /* Info.plist */ = {isa = PBXFileReference; lastKnownFileType = text.plist.xml; path = Info.plist; sourceTree = "<group>"; };
		5F9CCF142059C178001EEB47 /* MyFirstAppUITests.xctest */ = {isa = PBXFileReference; explicitFileType = wrapper.cfbundle; includeInIndex = 0; path = MyFirstAppUITests.xctest; sourceTree = BUILT_PRODUCTS_DIR; };
		5F9CCF182059C178001EEB47 /* MyFirstAppUITests.swift */ = {isa = PBXFileReference; lastKnownFileType = sourcecode.swift; path = MyFirstAppUITests.swift; sourceTree = "<group>"; };
		5F9CCF1A2059C178001EEB47 /* Info.plist */ = {isa = PBXFileReference; lastKnownFileType = text.plist.xml; path = Info.plist; sourceTree = "<group>"; };
		5F9CCF262059D33E001EEB47 /* Cat.wav */ = {isa = PBXFileReference; lastKnownFileType = audio.wav; path = Cat.wav; sourceTree = "<group>"; };
/* End PBXFileReference section */

/* Begin PBXFrameworksBuildPhase section */
		5F9CCEF22059C178001EEB47 /* Frameworks */ = {
			isa = PBXFrameworksBuildPhase;
			buildActionMask = 2147483647;
			files = (
				5F325F6B208BA11A006E9C95 /* AVFoundation.framework in Frameworks */,
			);
			runOnlyForDeploymentPostprocessing = 0;
		};
		5F9CCF062059C178001EEB47 /* Frameworks */ = {
			isa = PBXFrameworksBuildPhase;
			buildActionMask = 2147483647;
			files = (
			);
			runOnlyForDeploymentPostprocessing = 0;
		};
		5F9CCF112059C178001EEB47 /* Frameworks */ = {
			isa = PBXFrameworksBuildPhase;
			buildActionMask = 2147483647;
			files = (
			);
			runOnlyForDeploymentPostprocessing = 0;
		};
/* End PBXFrameworksBuildPhase section */

/* Begin PBXGroup section */
		5F325F69208BA11A006E9C95 /* Frameworks */ = {
			isa = PBXGroup;
			children = (
				5F325F6A208BA11A006E9C95 /* AVFoundation.framework */,
			);
			name = Frameworks;
			sourceTree = "<group>";
		};
		5F9CCEEC2059C178001EEB47 = {
			isa = PBXGroup;
			children = (
				5F9CCEF72059C178001EEB47 /* MyFirstApp */,
				5F9CCF0C2059C178001EEB47 /* MyFirstAppTests */,
				5F9CCF172059C178001EEB47 /* MyFirstAppUITests */,
				5F9CCEF62059C178001EEB47 /* Products */,
				5F325F69208BA11A006E9C95 /* Frameworks */,
			);
			sourceTree = "<group>";
		};
		5F9CCEF62059C178001EEB47 /* Products */ = {
			isa = PBXGroup;
			children = (
				5F9CCEF52059C178001EEB47 /* MyFirstApp.app */,
				5F9CCF092059C178001EEB47 /* MyFirstAppTests.xctest */,
				5F9CCF142059C178001EEB47 /* MyFirstAppUITests.xctest */,
			);
			name = Products;
			sourceTree = "<group>";
		};
		5F9CCEF72059C178001EEB47 /* MyFirstApp */ = {
			isa = PBXGroup;
			children = (
				5F9CCEF82059C178001EEB47 /* AppDelegate.swift */,
				5F9CCEFA2059C178001EEB47 /* ViewController.swift */,
				5F9CCEFC2059C178001EEB47 /* Main.storyboard */,
				5F9CCEFF2059C178001EEB47 /* Assets.xcassets */,
				5F9CCF012059C178001EEB47 /* LaunchScreen.storyboard */,
				5F9CCF042059C178001EEB47 /* Info.plist */,
				5F9CCF262059D33E001EEB47 /* Cat.wav */,
			);
			path = MyFirstApp;
			sourceTree = "<group>";
		};
		5F9CCF0C2059C178001EEB47 /* MyFirstAppTests */ = {
			isa = PBXGroup;
			children = (
				5F9CCF0D2059C178001EEB47 /* MyFirstAppTests.swift */,
				5F9CCF0F2059C178001EEB47 /* Info.plist */,
			);
			path = MyFirstAppTests;
			sourceTree = "<group>";
		};
		5F9CCF172059C178001EEB47 /* MyFirstAppUITests */ = {
			isa = PBXGroup;
			children = (
				5F9CCF182059C178001EEB47 /* MyFirstAppUITests.swift */,
				5F9CCF1A2059C178001EEB47 /* Info.plist */,
			);
			path = MyFirstAppUITests;
			sourceTree = "<group>";
		};
/* End PBXGroup section */

/* Begin PBXNativeTarget section */
		5F9CCEF42059C178001EEB47 /* MyFirstApp */ = {
			isa = PBXNativeTarget;
			buildConfigurationList = 5F9CCF1D2059C178001EEB47 /* Build configuration list for PBXNativeTarget "MyFirstApp" */;
			buildPhases = (
				5F9CCEF12059C178001EEB47 /* Sources */,
				5F9CCEF22059C178001EEB47 /* Frameworks */,
				5F9CCEF32059C178001EEB47 /* Resources */,
			);
			buildRules = (
			);
			dependencies = (
			);
			name = MyFirstApp;
			productName = MyFirstApp;
			productReference = 5F9CCEF52059C178001EEB47 /* MyFirstApp.app */;
			productType = "com.apple.product-type.application";
		};
		5F9CCF082059C178001EEB47 /* MyFirstAppTests */ = {
			isa = PBXNativeTarget;
			buildConfigurationList = 5F9CCF202059C178001EEB47 /* Build configuration list for PBXNativeTarget "MyFirstAppTests" */;
			buildPhases = (
				5F9CCF052059C178001EEB47 /* Sources */,
				5F9CCF062059C178001EEB47 /* Frameworks */,
				5F9CCF072059C178001EEB47 /* Resources */,
			);
			buildRules = (
			);
			dependencies = (
				5F9CCF0B2059C178001EEB47 /* PBXTargetDependency */,
			);
			name = MyFirstAppTests;
			productName = MyFirstAppTests;
			productReference = 5F9CCF092059C178001EEB47 /* MyFirstAppTests.xctest */;
			productType = "com.apple.product-type.bundle.unit-test";
		};
		5F9CCF132059C178001EEB47 /* MyFirstAppUITests */ = {
			isa = PBXNativeTarget;
			buildConfigurationList = 5F9CCF232059C178001EEB47 /* Build configuration list for PBXNativeTarget "MyFirstAppUITests" */;
			buildPhases = (
				5F9CCF102059C178001EEB47 /* Sources */,
				5F9CCF112059C178001EEB47 /* Frameworks */,
				5F9CCF122059C178001EEB47 /* Resources */,
			);
			buildRules = (
			);
			dependencies = (
				5F9CCF162059C178001EEB47 /* PBXTargetDependency */,
			);
			name = MyFirstAppUITests;
			productName = MyFirstAppUITests;
			productReference = 5F9CCF142059C178001EEB47 /* MyFirstAppUITests.xctest */;
			productType = "com.apple.product-type.bundle.ui-testing";
		};
/* End PBXNativeTarget section */

/* Begin PBXProject section */
		5F9CCEED2059C178001EEB47 /* Project object */ = {
			isa = PBXProject;
			attributes = {
				LastSwiftUpdateCheck = 0910;
				LastUpgradeCheck = 0910;
				ORGANIZATIONNAME = "Miguel Sierra";
				TargetAttributes = {
					5F9CCEF42059C178001EEB47 = {
						CreatedOnToolsVersion = 9.1;
						ProvisioningStyle = Automatic;
					};
					5F9CCF082059C178001EEB47 = {
						CreatedOnToolsVersion = 9.1;
						ProvisioningStyle = Automatic;
						TestTargetID = 5F9CCEF42059C178001EEB47;
					};
					5F9CCF132059C178001EEB47 = {
						CreatedOnToolsVersion = 9.1;
						ProvisioningStyle = Automatic;
						TestTargetID = 5F9CCEF42059C178001EEB47;
					};
				};
			};
			buildConfigurationList = 5F9CCEF02059C178001EEB47 /* Build configuration list for PBXProject "MyFirstApp" */;
			compatibilityVersion = "Xcode 8.0";
			developmentRegion = en;
			hasScannedForEncodings = 0;
			knownRegions = (
				en,
				Base,
			);
			mainGroup = 5F9CCEEC2059C178001EEB47;
			productRefGroup = 5F9CCEF62059C178001EEB47 /* Products */;
			projectDirPath = "";
			projectRoot = "";
			targets = (
				5F9CCEF42059C178001EEB47 /* MyFirstApp */,
				5F9CCF082059C178001EEB47 /* MyFirstAppTests */,
				5F9CCF132059C178001EEB47 /* MyFirstAppUITests */,
			);
		};
/* End PBXProject section */

/* Begin PBXResourcesBuildPhase section */
		5F9CCEF32059C178001EEB47 /* Resources */ = {
			isa = PBXResourcesBuildPhase;
			buildActionMask = 2147483647;
			files = (
				5F9CCF032059C178001EEB47 /* LaunchScreen.storyboard in Resources */,
				5F9CCF002059C178001EEB47 /* Assets.xcassets in Resources */,
				5F9CCEFE2059C178001EEB47 /* Main.storyboard in Resources */,
				5F9CCF272059D33E001EEB47 /* Cat.wav in Resources */,
			);
			runOnlyForDeploymentPostprocessing = 0;
		};
		5F9CCF072059C178001EEB47 /* Resources */ = {
			isa = PBXResourcesBuildPhase;
			buildActionMask = 2147483647;
			files = (
			);
			runOnlyForDeploymentPostprocessing = 0;
		};
		5F9CCF122059C178001EEB47 /* Resources */ = {
			isa = PBXResourcesBuildPhase;
			buildActionMask = 2147483647;
			files = (
			);
			runOnlyForDeploymentPostprocessing = 0;
		};
/* End PBXResourcesBuildPhase section */

/* Begin PBXSourcesBuildPhase section */
		5F9CCEF12059C178001EEB47 /* Sources */ = {
			isa = PBXSourcesBuildPhase;
			buildActionMask = 2147483647;
			files = (
				5F9CCEFB2059C178001EEB47 /* ViewController.swift in Sources */,
				5F9CCEF92059C178001EEB47 /* AppDelegate.swift in Sources */,
			);
			runOnlyForDeploymentPostprocessing = 0;
		};
		5F9CCF052059C178001EEB47 /* Sources */ = {
			isa = PBXSourcesBuildPhase;
			buildActionMask = 2147483647;
			files = (
				5F9CCF0E2059C178001EEB47 /* MyFirstAppTests.swift in Sources */,
			);
			runOnlyForDeploymentPostprocessing = 0;
		};
		5F9CCF102059C178001EEB47 /* Sources */ = {
			isa = PBXSourcesBuildPhase;
			buildActionMask = 2147483647;
			files = (
				5F9CCF192059C178001EEB47 /* MyFirstAppUITests.swift in Sources */,
			);
			runOnlyForDeploymentPostprocessing = 0;
		};
/* End PBXSourcesBuildPhase section */

/* Begin PBXTargetDependency section */
		5F9CCF0B2059C178001EEB47 /* PBXTargetDependency */ = {
			isa = PBXTargetDependency;
			target = 5F9CCEF42059C178001EEB47 /* MyFirstApp */;
			targetProxy = 5F9CCF0A2059C178001EEB47 /* PBXContainerItemProxy */;
		};
		5F9CCF162059C178001EEB47 /* PBXTargetDependency */ = {
			isa = PBXTargetDependency;
			target = 5F9CCEF42059C178001EEB47 /* MyFirstApp */;
			targetProxy = 5F9CCF152059C178001EEB47 /* PBXContainerItemProxy */;
		};
/* End PBXTargetDependency section */

/* Begin PBXVariantGroup section */
		5F9CCEFC2059C178001EEB47 /* Main.storyboard */ = {
			isa = PBXVariantGroup;
			children = (
				5F9CCEFD2059C178001EEB47 /* Base */,
			);
			name = Main.storyboard;
			sourceTree = "<group>";
		};
		5F9CCF012059C178001EEB47 /* LaunchScreen.storyboard */ = {
			isa = PBXVariantGroup;
			children = (
				5F9CCF022059C178001EEB47 /* Base */,
			);
			name = LaunchScreen.storyboard;
			sourceTree = "<group>";
		};
/* End PBXVariantGroup section */

/* Begin XCBuildConfiguration section */
		5F9CCF1B2059C178001EEB47 /* Debug */ = {
			isa = XCBuildConfiguration;
			buildSettings = {
				ALWAYS_SEARCH_USER_PATHS = NO;
				CLANG_ANALYZER_NONNULL = YES;
				CLANG_ANALYZER_NUMBER_OBJECT_CONVERSION = YES_AGGRESSIVE;
				CLANG_CXX_LANGUAGE_STANDARD = "gnu++14";
				CLANG_CXX_LIBRARY = "libc++";
				CLANG_ENABLE_MODULES = YES;
				CLANG_ENABLE_OBJC_ARC = YES;
				CLANG_WARN_BLOCK_CAPTURE_AUTORELEASING = YES;
				CLANG_WARN_BOOL_CONVERSION = YES;
				CLANG_WARN_COMMA = YES;
				CLANG_WARN_CONSTANT_CONVERSION = YES;
				CLANG_WARN_DIRECT_OBJC_ISA_USAGE = YES_ERROR;
				CLANG_WARN_DOCUMENTATION_COMMENTS = YES;
				CLANG_WARN_EMPTY_BODY = YES;
				CLANG_WARN_ENUM_CONVERSION = YES;
				CLANG_WARN_INFINITE_RECURSION = YES;
				CLANG_WARN_INT_CONVERSION = YES;
				CLANG_WARN_NON_LITERAL_NULL_CONVERSION = YES;
				CLANG_WARN_OBJC_LITERAL_CONVERSION = YES;
				CLANG_WARN_OBJC_ROOT_CLASS = YES_ERROR;
				CLANG_WARN_RANGE_LOOP_ANALYSIS = YES;
				CLANG_WARN_STRICT_PROTOTYPES = YES;
				CLANG_WARN_SUSPICIOUS_MOVE = YES;
				CLANG_WARN_UNGUARDED_AVAILABILITY = YES_AGGRESSIVE;
				CLANG_WARN_UNREACHABLE_CODE = YES;
				CLANG_WARN__DUPLICATE_METHOD_MATCH = YES;
				CODE_SIGN_IDENTITY = "iPhone Developer";
				COPY_PHASE_STRIP = NO;
				DEBUG_INFORMATION_FORMAT = dwarf;
				ENABLE_STRICT_OBJC_MSGSEND = YES;
				ENABLE_TESTABILITY = YES;
				GCC_C_LANGUAGE_STANDARD = gnu11;
				GCC_DYNAMIC_NO_PIC = NO;
				GCC_NO_COMMON_BLOCKS = YES;
				GCC_OPTIMIZATION_LEVEL = 0;
				GCC_PREPROCESSOR_DEFINITIONS = (
					"DEBUG=1",
					"$(inherited)",
				);
				GCC_WARN_64_TO_32_BIT_CONVERSION = YES;
				GCC_WARN_ABOUT_RETURN_TYPE = YES_ERROR;
				GCC_WARN_UNDECLARED_SELECTOR = YES;
				GCC_WARN_UNINITIALIZED_AUTOS = YES_AGGRESSIVE;
				GCC_WARN_UNUSED_FUNCTION = YES;
				GCC_WARN_UNUSED_VARIABLE = YES;
				IPHONEOS_DEPLOYMENT_TARGET = 11.1;
				MTL_ENABLE_DEBUG_INFO = YES;
				ONLY_ACTIVE_ARCH = YES;
				SDKROOT = iphoneos;
				SWIFT_ACTIVE_COMPILATION_CONDITIONS = DEBUG;
				SWIFT_OPTIMIZATION_LEVEL = "-Onone";
			};
			name = Debug;
		};
		5F9CCF1C2059C178001EEB47 /* Release */ = {
			isa = XCBuildConfiguration;
			buildSettings = {
				ALWAYS_SEARCH_USER_PATHS = NO;
				CLANG_ANALYZER_NONNULL = YES;
				CLANG_ANALYZER_NUMBER_OBJECT_CONVERSION = YES_AGGRESSIVE;
				CLANG_CXX_LANGUAGE_STANDARD = "gnu++14";
				CLANG_CXX_LIBRARY = "libc++";
				CLANG_ENABLE_MODULES = YES;
				CLANG_ENABLE_OBJC_ARC = YES;
				CLANG_WARN_BLOCK_CAPTURE_AUTORELEASING = YES;
				CLANG_WARN_BOOL_CONVERSION = YES;
				CLANG_WARN_COMMA = YES;
				CLANG_WARN_CONSTANT_CONVERSION = YES;
				CLANG_WARN_DIRECT_OBJC_ISA_USAGE = YES_ERROR;
				CLANG_WARN_DOCUMENTATION_COMMENTS = YES;
				CLANG_WARN_EMPTY_BODY = YES;
				CLANG_WARN_ENUM_CONVERSION = YES;
				CLANG_WARN_INFINITE_RECURSION = YES;
				CLANG_WARN_INT_CONVERSION = YES;
				CLANG_WARN_NON_LITERAL_NULL_CONVERSION = YES;
				CLANG_WARN_OBJC_LITERAL_CONVERSION = YES;
				CLANG_WARN_OBJC_ROOT_CLASS = YES_ERROR;
				CLANG_WARN_RANGE_LOOP_ANALYSIS = YES;
				CLANG_WARN_STRICT_PROTOTYPES = YES;
				CLANG_WARN_SUSPICIOUS_MOVE = YES;
				CLANG_WARN_UNGUARDED_AVAILABILITY = YES_AGGRESSIVE;
				CLANG_WARN_UNREACHABLE_CODE = YES;
				CLANG_WARN__DUPLICATE_METHOD_MATCH = YES;
				CODE_SIGN_IDENTITY = "iPhone Developer";
				COPY_PHASE_STRIP = NO;
				DEBUG_INFORMATION_FORMAT = "dwarf-with-dsym";
				ENABLE_NS_ASSERTIONS = NO;
				ENABLE_STRICT_OBJC_MSGSEND = YES;
				GCC_C_LANGUAGE_STANDARD = gnu11;
				GCC_NO_COMMON_BLOCKS = YES;
				GCC_WARN_64_TO_32_BIT_CONVERSION = YES;
				GCC_WARN_ABOUT_RETURN_TYPE = YES_ERROR;
				GCC_WARN_UNDECLARED_SELECTOR = YES;
				GCC_WARN_UNINITIALIZED_AUTOS = YES_AGGRESSIVE;
				GCC_WARN_UNUSED_FUNCTION = YES;
				GCC_WARN_UNUSED_VARIABLE = YES;
				IPHONEOS_DEPLOYMENT_TARGET = 11.1;
				MTL_ENABLE_DEBUG_INFO = NO;
				SDKROOT = iphoneos;
				SWIFT_OPTIMIZATION_LEVEL = "-Owholemodule";
				VALIDATE_PRODUCT = YES;
			};
			name = Release;
		};
		5F9CCF1E2059C178001EEB47 /* Debug */ = {
			isa = XCBuildConfiguration;
			buildSettings = {
				ASSETCATALOG_COMPILER_APPICON_NAME = AppIcon;
				CODE_SIGN_STYLE = Automatic;
				DEVELOPMENT_TEAM = 6Z36XD3LRW;
				INFOPLIST_FILE = MyFirstApp/Info.plist;
				LD_RUNPATH_SEARCH_PATHS = "$(inherited) @executable_path/Frameworks";
				PRODUCT_BUNDLE_IDENTIFIER = com.mmscdevelopment.MyFirstApp;
				PRODUCT_NAME = "$(TARGET_NAME)";
				SWIFT_VERSION = 4.0;
				TARGETED_DEVICE_FAMILY = "1,2";
			};
			name = Debug;
		};
		5F9CCF1F2059C178001EEB47 /* Release */ = {
			isa = XCBuildConfiguration;
			buildSettings = {
				ASSETCATALOG_COMPILER_APPICON_NAME = AppIcon;
				CODE_SIGN_STYLE = Automatic;
				DEVELOPMENT_TEAM = 6Z36XD3LRW;
				INFOPLIST_FILE = MyFirstApp/Info.plist;
				LD_RUNPATH_SEARCH_PATHS = "$(inherited) @executable_path/Frameworks";
				PRODUCT_BUNDLE_IDENTIFIER = com.mmscdevelopment.MyFirstApp;
				PRODUCT_NAME = "$(TARGET_NAME)";
				SWIFT_VERSION = 4.0;
				TARGETED_DEVICE_FAMILY = "1,2";
			};
			name = Release;
		};
		5F9CCF212059C178001EEB47 /* Debug */ = {
			isa = XCBuildConfiguration;
			buildSettings = {
				ALWAYS_EMBED_SWIFT_STANDARD_LIBRARIES = YES;
				BUNDLE_LOADER = "$(TEST_HOST)";
				CODE_SIGN_STYLE = Automatic;
				DEVELOPMENT_TEAM = 6Z36XD3LRW;
				INFOPLIST_FILE = MyFirstAppTests/Info.plist;
				LD_RUNPATH_SEARCH_PATHS = "$(inherited) @executable_path/Frameworks @loader_path/Frameworks";
				PRODUCT_BUNDLE_IDENTIFIER = com.mmscdevelopment.MyFirstAppTests;
				PRODUCT_NAME = "$(TARGET_NAME)";
				SWIFT_VERSION = 4.0;
				TARGETED_DEVICE_FAMILY = "1,2";
				TEST_HOST = "$(BUILT_PRODUCTS_DIR)/MyFirstApp.app/MyFirstApp";
			};
			name = Debug;
		};
		5F9CCF222059C178001EEB47 /* Release */ = {
			isa = XCBuildConfiguration;
			buildSettings = {
				ALWAYS_EMBED_SWIFT_STANDARD_LIBRARIES = YES;
				BUNDLE_LOADER = "$(TEST_HOST)";
				CODE_SIGN_STYLE = Automatic;
				DEVELOPMENT_TEAM = 6Z36XD3LRW;
				INFOPLIST_FILE = MyFirstAppTests/Info.plist;
				LD_RUNPATH_SEARCH_PATHS = "$(inherited) @executable_path/Frameworks @loader_path/Frameworks";
				PRODUCT_BUNDLE_IDENTIFIER = com.mmscdevelopment.MyFirstAppTests;
				PRODUCT_NAME = "$(TARGET_NAME)";
				SWIFT_VERSION = 4.0;
				TARGETED_DEVICE_FAMILY = "1,2";
				TEST_HOST = "$(BUILT_PRODUCTS_DIR)/MyFirstApp.app/MyFirstApp";
			};
			name = Release;
		};
		5F9CCF242059C178001EEB47 /* Debug */ = {
			isa = XCBuildConfiguration;
			buildSettings = {
				ALWAYS_EMBED_SWIFT_STANDARD_LIBRARIES = YES;
				CODE_SIGN_STYLE = Automatic;
				DEVELOPMENT_TEAM = 6Z36XD3LRW;
				INFOPLIST_FILE = MyFirstAppUITests/Info.plist;
				LD_RUNPATH_SEARCH_PATHS = "$(inherited) @executable_path/Frameworks @loader_path/Frameworks";
				PRODUCT_BUNDLE_IDENTIFIER = com.mmscdevelopment.MyFirstAppUITests;
				PRODUCT_NAME = "$(TARGET_NAME)";
				SWIFT_VERSION = 4.0;
				TARGETED_DEVICE_FAMILY = "1,2";
				TEST_TARGET_NAME = MyFirstApp;
			};
			name = Debug;
		};
		5F9CCF252059C178001EEB47 /* Release */ = {
			isa = XCBuildConfiguration;
			buildSettings = {
				ALWAYS_EMBED_SWIFT_STANDARD_LIBRARIES = YES;
				CODE_SIGN_STYLE = Automatic;
				DEVELOPMENT_TEAM = 6Z36XD3LRW;
				INFOPLIST_FILE = MyFirstAppUITests/Info.plist;
				LD_RUNPATH_SEARCH_PATHS = "$(inherited) @executable_path/Frameworks @loader_path/Frameworks";
				PRODUCT_BUNDLE_IDENTIFIER = com.mmscdevelopment.MyFirstAppUITests;
				PRODUCT_NAME = "$(TARGET_NAME)";
				SWIFT_VERSION = 4.0;
				TARGETED_DEVICE_FAMILY = "1,2";
				TEST_TARGET_NAME = MyFirstApp;
			};
			name = Release;
		};
/* End XCBuildConfiguration section */

/* Begin XCConfigurationList section */
		5F9CCEF02059C178001EEB47 /* Build configuration list for PBXProject "MyFirstApp" */ = {
			isa = XCConfigurationList;
			buildConfigurations = (
				5F9CCF1B2059C178001EEB47 /* Debug */,
				5F9CCF1C2059C178001EEB47 /* Release */,
			);
			defaultConfigurationIsVisible = 0;
			defaultConfigurationName = Release;
		};
		5F9CCF1D2059C178001EEB47 /* Build configuration list for PBXNativeTarget "MyFirstApp" */ = {
			isa = XCConfigurationList;
			buildConfigurations = (
				5F9CCF1E2059C178001EEB47 /* Debug */,
				5F9CCF1F2059C178001EEB47 /* Release */,
			);
			defaultConfigurationIsVisible = 0;
			defaultConfigurationName = Release;
		};
		5F9CCF202059C178001EEB47 /* Build configuration list for PBXNativeTarget "MyFirstAppTests" */ = {
			isa = XCConfigurationList;
			buildConfigurations = (
				5F9CCF212059C178001EEB47 /* Debug */,
				5F9CCF222059C178001EEB47 /* Release */,
			);
			defaultConfigurationIsVisible = 0;
			defaultConfigurationName = Release;
		};
		5F9CCF232059C178001EEB47 /* Build configuration list for PBXNativeTarget "MyFirstAppUITests" */ = {
			isa = XCConfigurationList;
			buildConfigurations = (
				5F9CCF242059C178001EEB47 /* Debug */,
				5F9CCF252059C178001EEB47 /* Release */,
			);
			defaultConfigurationIsVisible = 0;
			defaultConfigurationName = Release;
		};
/* End XCConfigurationList section */
	};
	rootObject = 5F9CCEED2059C178001EEB47 /* Project object */;
}
